// !$*UTF8*$!
{
	archiveVersion = 1;
	classes = {
	};
	objectVersion = 55;
	objects = {

/* Begin PBXBuildFile section */
		1C033FA1274F64710046F309 /* PuzzleGameApp.swift in Sources */ = {isa = PBXBuildFile; fileRef = 1C033FA0274F64710046F309 /* PuzzleGameApp.swift */; };
		1C033FA3274F64710046F309 /* Game1View.swift in Sources */ = {isa = PBXBuildFile; fileRef = 1C033FA2274F64710046F309 /* Game1View.swift */; };
		1C033FA5274F64760046F309 /* Assets.xcassets in Resources */ = {isa = PBXBuildFile; fileRef = 1C033FA4274F64760046F309 /* Assets.xcassets */; };
		1C033FA8274F64760046F309 /* Preview Assets.xcassets in Resources */ = {isa = PBXBuildFile; fileRef = 1C033FA7274F64760046F309 /* Preview Assets.xcassets */; };
		1C033FAF274F6EDA0046F309 /* Game1Tool.swift in Sources */ = {isa = PBXBuildFile; fileRef = 1C033FAE274F6ED90046F309 /* Game1Tool.swift */; };
		1C033FB1274F7B5B0046F309 /* Game2View.swift in Sources */ = {isa = PBXBuildFile; fileRef = 1C033FB0274F7B5B0046F309 /* Game2View.swift */; };
		1C6E6B8E2758710200956EAD /* PlayerInfo.swift in Sources */ = {isa = PBXBuildFile; fileRef = 1C6E6B8D2758710200956EAD /* PlayerInfo.swift */; };
		1CA06050274FC5710097D937 /* Game2Tool.swift in Sources */ = {isa = PBXBuildFile; fileRef = 1CA0604F274FC5710097D937 /* Game2Tool.swift */; };
		1CA06052274FC6CC0097D937 /* MainView.swift in Sources */ = {isa = PBXBuildFile; fileRef = 1CA06051274FC6CC0097D937 /* MainView.swift */; };
		1CA06054274FC8DE0097D937 /* SettingView.swift in Sources */ = {isa = PBXBuildFile; fileRef = 1CA06053274FC8DE0097D937 /* SettingView.swift */; };
		1CC360742753815F00F07C40 /* PlayerView.swift in Sources */ = {isa = PBXBuildFile; fileRef = 1CC360732753815F00F07C40 /* PlayerView.swift */; };
		1CC360762753826E00F07C40 /* SliderView.swift in Sources */ = {isa = PBXBuildFile; fileRef = 1CC360752753826E00F07C40 /* SliderView.swift */; };
		1CC36078275383B800F07C40 /* Img_modifier.swift in Sources */ = {isa = PBXBuildFile; fileRef = 1CC36077275383B800F07C40 /* Img_modifier.swift */; };
/* End PBXBuildFile section */

/* Begin PBXFileReference section */
		1C033F9D274F64710046F309 /* PuzzleGame.app */ = {isa = PBXFileReference; explicitFileType = wrapper.application; includeInIndex = 0; path = PuzzleGame.app; sourceTree = BUILT_PRODUCTS_DIR; };
		1C033FA0274F64710046F309 /* PuzzleGameApp.swift */ = {isa = PBXFileReference; lastKnownFileType = sourcecode.swift; path = PuzzleGameApp.swift; sourceTree = "<group>"; };
		1C033FA2274F64710046F309 /* Game1View.swift */ = {isa = PBXFileReference; lastKnownFileType = sourcecode.swift; path = Game1View.swift; sourceTree = "<group>"; };
		1C033FA4274F64760046F309 /* Assets.xcassets */ = {isa = PBXFileReference; lastKnownFileType = folder.assetcatalog; path = Assets.xcassets; sourceTree = "<group>"; };
		1C033FA7274F64760046F309 /* Preview Assets.xcassets */ = {isa = PBXFileReference; lastKnownFileType = folder.assetcatalog; path = "Preview Assets.xcassets"; sourceTree = "<group>"; };
		1C033FAE274F6ED90046F309 /* Game1Tool.swift */ = {isa = PBXFileReference; lastKnownFileType = sourcecode.swift; path = Game1Tool.swift; sourceTree = "<group>"; };
		1C033FB0274F7B5B0046F309 /* Game2View.swift */ = {isa = PBXFileReference; lastKnownFileType = sourcecode.swift; path = Game2View.swift; sourceTree = "<group>"; };
		1C6E6B8D2758710200956EAD /* PlayerInfo.swift */ = {isa = PBXFileReference; lastKnownFileType = sourcecode.swift; path = PlayerInfo.swift; sourceTree = "<group>"; };
		1CA0604F274FC5710097D937 /* Game2Tool.swift */ = {isa = PBXFileReference; lastKnownFileType = sourcecode.swift; path = Game2Tool.swift; sourceTree = "<group>"; };
		1CA06051274FC6CC0097D937 /* MainView.swift */ = {isa = PBXFileReference; lastKnownFileType = sourcecode.swift; path = MainView.swift; sourceTree = "<group>"; };
		1CA06053274FC8DE0097D937 /* SettingView.swift */ = {isa = PBXFileReference; lastKnownFileType = sourcecode.swift; path = SettingView.swift; sourceTree = "<group>"; };
		1CC360732753815F00F07C40 /* PlayerView.swift */ = {isa = PBXFileReference; lastKnownFileType = sourcecode.swift; path = PlayerView.swift; sourceTree = "<group>"; };
		1CC360752753826E00F07C40 /* SliderView.swift */ = {isa = PBXFileReference; lastKnownFileType = sourcecode.swift; path = SliderView.swift; sourceTree = "<group>"; };
		1CC36077275383B800F07C40 /* Img_modifier.swift */ = {isa = PBXFileReference; lastKnownFileType = sourcecode.swift; path = Img_modifier.swift; sourceTree = "<group>"; };
/* End PBXFileReference section */

/* Begin PBXFrameworksBuildPhase section */
		1C033F9A274F64710046F309 /* Frameworks */ = {
			isa = PBXFrameworksBuildPhase;
			buildActionMask = 2147483647;
			files = (
			);
			runOnlyForDeploymentPostprocessing = 0;
		};
/* End PBXFrameworksBuildPhase section */

/* Begin PBXGroup section */
		1C033F94274F64710046F309 = {
			isa = PBXGroup;
			children = (
				1C033F9F274F64710046F309 /* PuzzleGame */,
				1C033F9E274F64710046F309 /* Products */,
			);
			sourceTree = "<group>";
		};
		1C033F9E274F64710046F309 /* Products */ = {
			isa = PBXGroup;
			children = (
				1C033F9D274F64710046F309 /* PuzzleGame.app */,
			);
			name = Products;
			sourceTree = "<group>";
		};
		1C033F9F274F64710046F309 /* PuzzleGame */ = {
			isa = PBXGroup;
			children = (
				1C033FA0274F64710046F309 /* PuzzleGameApp.swift */,
				1C033FA2274F64710046F309 /* Game1View.swift */,
				1C033FAE274F6ED90046F309 /* Game1Tool.swift */,
				1C033FB0274F7B5B0046F309 /* Game2View.swift */,
				1CA0604F274FC5710097D937 /* Game2Tool.swift */,
				1CA06051274FC6CC0097D937 /* MainView.swift */,
				1CA06053274FC8DE0097D937 /* SettingView.swift */,
				1CC360752753826E00F07C40 /* SliderView.swift */,
				1CC360732753815F00F07C40 /* PlayerView.swift */,
				1C6E6B8D2758710200956EAD /* PlayerInfo.swift */,
				1CC36077275383B800F07C40 /* Img_modifier.swift */,
				1C033FA4274F64760046F309 /* Assets.xcassets */,
				1C033FA6274F64760046F309 /* Preview Content */,
			);
			path = PuzzleGame;
			sourceTree = "<group>";
		};
		1C033FA6274F64760046F309 /* Preview Content */ = {
			isa = PBXGroup;
			children = (
				1C033FA7274F64760046F309 /* Preview Assets.xcassets */,
			);
			path = "Preview Content";
			sourceTree = "<group>";
		};
/* End PBXGroup section */

/* Begin PBXNativeTarget section */
		1C033F9C274F64710046F309 /* PuzzleGame */ = {
			isa = PBXNativeTarget;
			buildConfigurationList = 1C033FAB274F64760046F309 /* Build configuration list for PBXNativeTarget "PuzzleGame" */;
			buildPhases = (
				1C033F99274F64710046F309 /* Sources */,
				1C033F9A274F64710046F309 /* Frameworks */,
				1C033F9B274F64710046F309 /* Resources */,
			);
			buildRules = (
			);
			dependencies = (
			);
			name = PuzzleGame;
			productName = PuzzleGame;
			productReference = 1C033F9D274F64710046F309 /* PuzzleGame.app */;
			productType = "com.apple.product-type.application";
		};
/* End PBXNativeTarget section */

/* Begin PBXProject section */
		1C033F95274F64710046F309 /* Project object */ = {
			isa = PBXProject;
			attributes = {
				BuildIndependentTargetsInParallel = 1;
				LastSwiftUpdateCheck = 1300;
				LastUpgradeCheck = 1300;
				TargetAttributes = {
					1C033F9C274F64710046F309 = {
						CreatedOnToolsVersion = 13.0;
					};
				};
			};
			buildConfigurationList = 1C033F98274F64710046F309 /* Build configuration list for PBXProject "PuzzleGame" */;
			compatibilityVersion = "Xcode 13.0";
			developmentRegion = en;
			hasScannedForEncodings = 0;
			knownRegions = (
				en,
				Base,
			);
			mainGroup = 1C033F94274F64710046F309;
			productRefGroup = 1C033F9E274F64710046F309 /* Products */;
			projectDirPath = "";
			projectRoot = "";
			targets = (
				1C033F9C274F64710046F309 /* PuzzleGame */,
			);
		};
/* End PBXProject section */

/* Begin PBXResourcesBuildPhase section */
		1C033F9B274F64710046F309 /* Resources */ = {
			isa = PBXResourcesBuildPhase;
			buildActionMask = 2147483647;
			files = (
				1C033FA8274F64760046F309 /* Preview Assets.xcassets in Resources */,
				1C033FA5274F64760046F309 /* Assets.xcassets in Resources */,
			);
			runOnlyForDeploymentPostprocessing = 0;
		};
/* End PBXResourcesBuildPhase section */

/* Begin PBXSourcesBuildPhase section */
		1C033F99274F64710046F309 /* Sources */ = {
			isa = PBXSourcesBuildPhase;
			buildActionMask = 2147483647;
			files = (
				1CA06052274FC6CC0097D937 /* MainView.swift in Sources */,
				1C6E6B8E2758710200956EAD /* PlayerInfo.swift in Sources */,
				1CC36078275383B800F07C40 /* Img_modifier.swift in Sources */,
				1C033FA3274F64710046F309 /* Game1View.swift in Sources */,
				1C033FB1274F7B5B0046F309 /* Game2View.swift in Sources */,
				1CC360762753826E00F07C40 /* SliderView.swift in Sources */,
				1C033FA1274F64710046F309 /* PuzzleGameApp.swift in Sources */,
				1CC360742753815F00F07C40 /* PlayerView.swift in Sources */,
				1CA06054274FC8DE0097D937 /* SettingView.swift in Sources */,
				1C033FAF274F6EDA0046F309 /* Game1Tool.swift in Sources */,
				1CA06050274FC5710097D937 /* Game2Tool.swift in Sources */,
			);
			runOnlyForDeploymentPostprocessing = 0;
		};
/* End PBXSourcesBuildPhase section */

/* Begin XCBuildConfiguration section */
		1C033FA9274F64760046F309 /* Debug */ = {
			isa = XCBuildConfiguration;
			buildSettings = {
				ALWAYS_SEARCH_USER_PATHS = NO;
				CLANG_ANALYZER_NONNULL = YES;
				CLANG_ANALYZER_NUMBER_OBJECT_CONVERSION = YES_AGGRESSIVE;
				CLANG_CXX_LANGUAGE_STANDARD = "gnu++17";
				CLANG_CXX_LIBRARY = "libc++";
				CLANG_ENABLE_MODULES = YES;
				CLANG_ENABLE_OBJC_ARC = YES;
				CLANG_ENABLE_OBJC_WEAK = YES;
				CLANG_WARN_BLOCK_CAPTURE_AUTORELEASING = YES;
				CLANG_WARN_BOOL_CONVERSION = YES;
				CLANG_WARN_COMMA = YES;
				CLANG_WARN_CONSTANT_CONVERSION = YES;
				CLANG_WARN_DEPRECATED_OBJC_IMPLEMENTATIONS = YES;
				CLANG_WARN_DIRECT_OBJC_ISA_USAGE = YES_ERROR;
				CLANG_WARN_DOCUMENTATION_COMMENTS = YES;
				CLANG_WARN_EMPTY_BODY = YES;
				CLANG_WARN_ENUM_CONVERSION = YES;
				CLANG_WARN_INFINITE_RECURSION = YES;
				CLANG_WARN_INT_CONVERSION = YES;
				CLANG_WARN_NON_LITERAL_NULL_CONVERSION = YES;
				CLANG_WARN_OBJC_IMPLICIT_RETAIN_SELF = YES;
				CLANG_WARN_OBJC_LITERAL_CONVERSION = YES;
				CLANG_WARN_OBJC_ROOT_CLASS = YES_ERROR;
				CLANG_WARN_QUOTED_INCLUDE_IN_FRAMEWORK_HEADER = YES;
				CLANG_WARN_RANGE_LOOP_ANALYSIS = YES;
				CLANG_WARN_STRICT_PROTOTYPES = YES;
				CLANG_WARN_SUSPICIOUS_MOVE = YES;
				CLANG_WARN_UNGUARDED_AVAILABILITY = YES_AGGRESSIVE;
				CLANG_WARN_UNREACHABLE_CODE = YES;
				CLANG_WARN__DUPLICATE_METHOD_MATCH = YES;
				COPY_PHASE_STRIP = NO;
				DEBUG_INFORMATION_FORMAT = dwarf;
				ENABLE_STRICT_OBJC_MSGSEND = YES;
				ENABLE_TESTABILITY = YES;
				GCC_C_LANGUAGE_STANDARD = gnu11;
				GCC_DYNAMIC_NO_PIC = NO;
				GCC_NO_COMMON_BLOCKS = YES;
				GCC_OPTIMIZATION_LEVEL = 0;
				GCC_PREPROCESSOR_DEFINITIONS = (
					"DEBUG=1",
					"$(inherited)",
				);
				GCC_WARN_64_TO_32_BIT_CONVERSION = YES;
				GCC_WARN_ABOUT_RETURN_TYPE = YES_ERROR;
				GCC_WARN_UNDECLARED_SELECTOR = YES;
				GCC_WARN_UNINITIALIZED_AUTOS = YES_AGGRESSIVE;
				GCC_WARN_UNUSED_FUNCTION = YES;
				GCC_WARN_UNUSED_VARIABLE = YES;
				IPHONEOS_DEPLOYMENT_TARGET = 15.0;
				MTL_ENABLE_DEBUG_INFO = INCLUDE_SOURCE;
				MTL_FAST_MATH = YES;
				ONLY_ACTIVE_ARCH = YES;
				SDKROOT = iphoneos;
				SWIFT_ACTIVE_COMPILATION_CONDITIONS = DEBUG;
				SWIFT_OPTIMIZATION_LEVEL = "-Onone";
			};
			name = Debug;
		};
		1C033FAA274F64760046F309 /* Release */ = {
			isa = XCBuildConfiguration;
			buildSettings = {
				ALWAYS_SEARCH_USER_PATHS = NO;
				CLANG_ANALYZER_NONNULL = YES;
				CLANG_ANALYZER_NUMBER_OBJECT_CONVERSION = YES_AGGRESSIVE;
				CLANG_CXX_LANGUAGE_STANDARD = "gnu++17";
				CLANG_CXX_LIBRARY = "libc++";
				CLANG_ENABLE_MODULES = YES;
				CLANG_ENABLE_OBJC_ARC = YES;
				CLANG_ENABLE_OBJC_WEAK = YES;
				CLANG_WARN_BLOCK_CAPTURE_AUTORELEASING = YES;
				CLANG_WARN_BOOL_CONVERSION = YES;
				CLANG_WARN_COMMA = YES;
				CLANG_WARN_CONSTANT_CONVERSION = YES;
				CLANG_WARN_DEPRECATED_OBJC_IMPLEMENTATIONS = YES;
				CLANG_WARN_DIRECT_OBJC_ISA_USAGE = YES_ERROR;
				CLANG_WARN_DOCUMENTATION_COMMENTS = YES;
				CLANG_WARN_EMPTY_BODY = YES;
				CLANG_WARN_ENUM_CONVERSION = YES;
				CLANG_WARN_INFINITE_RECURSION = YES;
				CLANG_WARN_INT_CONVERSION = YES;
				CLANG_WARN_NON_LITERAL_NULL_CONVERSION = YES;
				CLANG_WARN_OBJC_IMPLICIT_RETAIN_SELF = YES;
				CLANG_WARN_OBJC_LITERAL_CONVERSION = YES;
				CLANG_WARN_OBJC_ROOT_CLASS = YES_ERROR;
				CLANG_WARN_QUOTED_INCLUDE_IN_FRAMEWORK_HEADER = YES;
				CLANG_WARN_RANGE_LOOP_ANALYSIS = YES;
				CLANG_WARN_STRICT_PROTOTYPES = YES;
				CLANG_WARN_SUSPICIOUS_MOVE = YES;
				CLANG_WARN_UNGUARDED_AVAILABILITY = YES_AGGRESSIVE;
				CLANG_WARN_UNREACHABLE_CODE = YES;
				CLANG_WARN__DUPLICATE_METHOD_MATCH = YES;
				COPY_PHASE_STRIP = NO;
				DEBUG_INFORMATION_FORMAT = "dwarf-with-dsym";
				ENABLE_NS_ASSERTIONS = NO;
				ENABLE_STRICT_OBJC_MSGSEND = YES;
				GCC_C_LANGUAGE_STANDARD = gnu11;
				GCC_NO_COMMON_BLOCKS = YES;
				GCC_WARN_64_TO_32_BIT_CONVERSION = YES;
				GCC_WARN_ABOUT_RETURN_TYPE = YES_ERROR;
				GCC_WARN_UNDECLARED_SELECTOR = YES;
				GCC_WARN_UNINITIALIZED_AUTOS = YES_AGGRESSIVE;
				GCC_WARN_UNUSED_FUNCTION = YES;
				GCC_WARN_UNUSED_VARIABLE = YES;
				IPHONEOS_DEPLOYMENT_TARGET = 15.0;
				MTL_ENABLE_DEBUG_INFO = NO;
				MTL_FAST_MATH = YES;
				SDKROOT = iphoneos;
				SWIFT_COMPILATION_MODE = wholemodule;
				SWIFT_OPTIMIZATION_LEVEL = "-O";
				VALIDATE_PRODUCT = YES;
			};
			name = Release;
		};
		1C033FAC274F64760046F309 /* Debug */ = {
			isa = XCBuildConfiguration;
			buildSettings = {
				ASSETCATALOG_COMPILER_APPICON_NAME = AppIcon;
				ASSETCATALOG_COMPILER_GLOBAL_ACCENT_COLOR_NAME = AccentColor;
				CODE_SIGN_STYLE = Automatic;
				CURRENT_PROJECT_VERSION = 1;
				DEVELOPMENT_ASSET_PATHS = "\"PuzzleGame/Preview Content\"";
				DEVELOPMENT_TEAM = 55B2ZWU734;
				ENABLE_PREVIEWS = YES;
				GENERATE_INFOPLIST_FILE = YES;
				INFOPLIST_KEY_UIApplicationSceneManifest_Generation = YES;
				INFOPLIST_KEY_UIApplicationSupportsIndirectInputEvents = YES;
				INFOPLIST_KEY_UILaunchScreen_Generation = YES;
				INFOPLIST_KEY_UISupportedInterfaceOrientations_iPad = "UIInterfaceOrientationPortrait UIInterfaceOrientationPortraitUpsideDown UIInterfaceOrientationLandscapeLeft UIInterfaceOrientationLandscapeRight";
				INFOPLIST_KEY_UISupportedInterfaceOrientations_iPhone = "UIInterfaceOrientationPortrait UIInterfaceOrientationLandscapeLeft UIInterfaceOrientationLandscapeRight";
				IPHONEOS_DEPLOYMENT_TARGET = 15.0;
				LD_RUNPATH_SEARCH_PATHS = (
					"$(inherited)",
					"@executable_path/Frameworks",
				);
				MARKETING_VERSION = 1.0;
				PRODUCT_BUNDLE_IDENTIFIER = com.mark.PuzzleGame;
				PRODUCT_NAME = "$(TARGET_NAME)";
				SWIFT_EMIT_LOC_STRINGS = YES;
				SWIFT_VERSION = 5.0;
				TARGETED_DEVICE_FAMILY = "1,2";
			};
			name = Debug;
		};
		1C033FAD274F64760046F309 /* Release */ = {
			isa = XCBuildConfiguration;
			buildSettings = {
				ASSETCATALOG_COMPILER_APPICON_NAME = AppIcon;
				ASSETCATALOG_COMPILER_GLOBAL_ACCENT_COLOR_NAME = AccentColor;
				CODE_SIGN_STYLE = Automatic;
				CURRENT_PROJECT_VERSION = 1;
				DEVELOPMENT_ASSET_PATHS = "\"PuzzleGame/Preview Content\"";
				DEVELOPMENT_TEAM = 55B2ZWU734;
				ENABLE_PREVIEWS = YES;
				GENERATE_INFOPLIST_FILE = YES;
				INFOPLIST_KEY_UIApplicationSceneManifest_Generation = YES;
				INFOPLIST_KEY_UIApplicationSupportsIndirectInputEvents = YES;
				INFOPLIST_KEY_UILaunchScreen_Generation = YES;
				INFOPLIST_KEY_UISupportedInterfaceOrientations_iPad = "UIInterfaceOrientationPortrait UIInterfaceOrientationPortraitUpsideDown UIInterfaceOrientationLandscapeLeft UIInterfaceOrientationLandscapeRight";
				INFOPLIST_KEY_UISupportedInterfaceOrientations_iPhone = "UIInterfaceOrientationPortrait UIInterfaceOrientationLandscapeLeft UIInterfaceOrientationLandscapeRight";
				IPHONEOS_DEPLOYMENT_TARGET = 15.0;
				LD_RUNPATH_SEARCH_PATHS = (
					"$(inherited)",
					"@executable_path/Frameworks",
				);
				MARKETING_VERSION = 1.0;
				PRODUCT_BUNDLE_IDENTIFIER = com.mark.PuzzleGame;
				PRODUCT_NAME = "$(TARGET_NAME)";
				SWIFT_EMIT_LOC_STRINGS = YES;
				SWIFT_VERSION = 5.0;
				TARGETED_DEVICE_FAMILY = "1,2";
			};
			name = Release;
		};
/* End XCBuildConfiguration section */

/* Begin XCConfigurationList section */
		1C033F98274F64710046F309 /* Build configuration list for PBXProject "PuzzleGame" */ = {
			isa = XCConfigurationList;
			buildConfigurations = (
				1C033FA9274F64760046F309 /* Debug */,
				1C033FAA274F64760046F309 /* Release */,
			);
			defaultConfigurationIsVisible = 0;
			defaultConfigurationName = Release;
		};
		1C033FAB274F64760046F309 /* Build configuration list for PBXNativeTarget "PuzzleGame" */ = {
			isa = XCConfigurationList;
			buildConfigurations = (
				1C033FAC274F64760046F309 /* Debug */,
				1C033FAD274F64760046F309 /* Release */,
			);
			defaultConfigurationIsVisible = 0;
			defaultConfigurationName = Release;
		};
/* End XCConfigurationList section */
	};
	rootObject = 1C033F95274F64710046F309 /* Project object */;
}
